
Microsoft Visual Studio Solution File, Format Version 12.00
# Visual Studio Version 17
VisualStudioVersion = 17.0.31903.59
MinimumVisualStudioVersion = 10.0.40219.1
Project("{FAE04EC0-301F-11D3-BF4B-00C04F79EFBC}") = "gpaCalc", "gpaCalc\gpaCalc.csproj", "{2CE77645-292C-462D-B413-960078DAC8BF}"
EndProject
Global
	GlobalSection(SolutionConfigurationPlatforms) = preSolution
		Debug|Any CPU = Debug|Any CPU
		Release|Any CPU = Release|Any CPU
	EndGlobalSection
	GlobalSection(SolutionProperties) = preSolution
		HideSolutionNode = FALSE
	EndGlobalSection
	GlobalSection(ProjectConfigurationPlatforms) = postSolution
		{2CE77645-292C-462D-B413-960078DAC8BF}.Debug|Any CPU.ActiveCfg = Debug|Any CPU
		{2CE77645-292C-462D-B413-960078DAC8BF}.Debug|Any CPU.Build.0 = Debug|Any CPU
		{2CE77645-292C-462D-B413-960078DAC8BF}.Release|Any CPU.ActiveCfg = Release|Any CPU
		{2CE77645-292C-462D-B413-960078DAC8BF}.Release|Any CPU.Build.0 = Release|Any CPU
	EndGlobalSection
EndGlobal
